// !$*UTF8*$!
{
	archiveVersion = 1;
	classes = {
	};
	objectVersion = 50;
	objects = {

/* Begin PBXBuildFile section */
		3935D93B2485A514007C2122 /* AppDelegate.swift in Sources */ = {isa = PBXBuildFile; fileRef = 3935D93A2485A514007C2122 /* AppDelegate.swift */; };
		3935D93D2485A514007C2122 /* SceneDelegate.swift in Sources */ = {isa = PBXBuildFile; fileRef = 3935D93C2485A514007C2122 /* SceneDelegate.swift */; };
		3935D93F2485A514007C2122 /* ViewController.swift in Sources */ = {isa = PBXBuildFile; fileRef = 3935D93E2485A514007C2122 /* ViewController.swift */; };
		3935D9422485A514007C2122 /* Main.storyboard in Resources */ = {isa = PBXBuildFile; fileRef = 3935D9402485A514007C2122 /* Main.storyboard */; };
		3935D9452485A514007C2122 /* SmokeCalculator.xcdatamodeld in Sources */ = {isa = PBXBuildFile; fileRef = 3935D9432485A514007C2122 /* SmokeCalculator.xcdatamodeld */; };
		3935D9472485A516007C2122 /* Assets.xcassets in Resources */ = {isa = PBXBuildFile; fileRef = 3935D9462485A516007C2122 /* Assets.xcassets */; };
		3935D94A2485A516007C2122 /* LaunchScreen.storyboard in Resources */ = {isa = PBXBuildFile; fileRef = 3935D9482485A516007C2122 /* LaunchScreen.storyboard */; };
/* End PBXBuildFile section */

/* Begin PBXFileReference section */
		3935D9372485A514007C2122 /* SmokeCalculator.app */ = {isa = PBXFileReference; explicitFileType = wrapper.application; includeInIndex = 0; path = SmokeCalculator.app; sourceTree = BUILT_PRODUCTS_DIR; };
		3935D93A2485A514007C2122 /* AppDelegate.swift */ = {isa = PBXFileReference; lastKnownFileType = sourcecode.swift; path = AppDelegate.swift; sourceTree = "<group>"; };
		3935D93C2485A514007C2122 /* SceneDelegate.swift */ = {isa = PBXFileReference; lastKnownFileType = sourcecode.swift; path = SceneDelegate.swift; sourceTree = "<group>"; };
		3935D93E2485A514007C2122 /* ViewController.swift */ = {isa = PBXFileReference; lastKnownFileType = sourcecode.swift; path = ViewController.swift; sourceTree = "<group>"; };
		3935D9412485A514007C2122 /* Base */ = {isa = PBXFileReference; lastKnownFileType = file.storyboard; name = Base; path = Base.lproj/Main.storyboard; sourceTree = "<group>"; };
		3935D9442485A514007C2122 /* SmokeCalculator.xcdatamodel */ = {isa = PBXFileReference; lastKnownFileType = wrapper.xcdatamodel; path = SmokeCalculator.xcdatamodel; sourceTree = "<group>"; };
		3935D9462485A516007C2122 /* Assets.xcassets */ = {isa = PBXFileReference; lastKnownFileType = folder.assetcatalog; path = Assets.xcassets; sourceTree = "<group>"; };
		3935D9492485A516007C2122 /* Base */ = {isa = PBXFileReference; lastKnownFileType = file.storyboard; name = Base; path = Base.lproj/LaunchScreen.storyboard; sourceTree = "<group>"; };
		3935D94B2485A516007C2122 /* Info.plist */ = {isa = PBXFileReference; lastKnownFileType = text.plist.xml; path = Info.plist; sourceTree = "<group>"; };
/* End PBXFileReference section */

/* Begin PBXFrameworksBuildPhase section */
		3935D9342485A514007C2122 /* Frameworks */ = {
			isa = PBXFrameworksBuildPhase;
			buildActionMask = 2147483647;
			files = (
			);
			runOnlyForDeploymentPostprocessing = 0;
		};
/* End PBXFrameworksBuildPhase section */

/* Begin PBXGroup section */
		3935D92E2485A514007C2122 = {
			isa = PBXGroup;
			children = (
				3935D9392485A514007C2122 /* SmokeCalculator */,
				3935D9382485A514007C2122 /* Products */,
			);
			sourceTree = "<group>";
		};
		3935D9382485A514007C2122 /* Products */ = {
			isa = PBXGroup;
			children = (
				3935D9372485A514007C2122 /* SmokeCalculator.app */,
			);
			name = Products;
			sourceTree = "<group>";
		};
		3935D9392485A514007C2122 /* SmokeCalculator */ = {
			isa = PBXGroup;
			children = (
				3935D93A2485A514007C2122 /* AppDelegate.swift */,
				3935D93C2485A514007C2122 /* SceneDelegate.swift */,
				3935D93E2485A514007C2122 /* ViewController.swift */,
				3935D9402485A514007C2122 /* Main.storyboard */,
				3935D9462485A516007C2122 /* Assets.xcassets */,
				3935D9482485A516007C2122 /* LaunchScreen.storyboard */,
				3935D94B2485A516007C2122 /* Info.plist */,
				3935D9432485A514007C2122 /* SmokeCalculator.xcdatamodeld */,
			);
			path = SmokeCalculator;
			sourceTree = "<group>";
		};
/* End PBXGroup section */

/* Begin PBXNativeTarget section */
		3935D9362485A514007C2122 /* SmokeCalculator */ = {
			isa = PBXNativeTarget;
			buildConfigurationList = 3935D94E2485A516007C2122 /* Build configuration list for PBXNativeTarget "SmokeCalculator" */;
			buildPhases = (
				3935D9332485A514007C2122 /* Sources */,
				3935D9342485A514007C2122 /* Frameworks */,
				3935D9352485A514007C2122 /* Resources */,
			);
			buildRules = (
			);
			dependencies = (
			);
			name = SmokeCalculator;
			productName = SmokeCalculator;
			productReference = 3935D9372485A514007C2122 /* SmokeCalculator.app */;
			productType = "com.apple.product-type.application";
		};
/* End PBXNativeTarget section */

/* Begin PBXProject section */
		3935D92F2485A514007C2122 /* Project object */ = {
			isa = PBXProject;
			attributes = {
				LastSwiftUpdateCheck = 1150;
				LastUpgradeCheck = 1150;
				ORGANIZATIONNAME = "Cengiz Baygın";
				TargetAttributes = {
					3935D9362485A514007C2122 = {
						CreatedOnToolsVersion = 11.5;
					};
				};
			};
			buildConfigurationList = 3935D9322485A514007C2122 /* Build configuration list for PBXProject "SmokeCalculator" */;
			compatibilityVersion = "Xcode 9.3";
			developmentRegion = en;
			hasScannedForEncodings = 0;
			knownRegions = (
				en,
				Base,
			);
			mainGroup = 3935D92E2485A514007C2122;
			productRefGroup = 3935D9382485A514007C2122 /* Products */;
			projectDirPath = "";
			projectRoot = "";
			targets = (
				3935D9362485A514007C2122 /* SmokeCalculator */,
			);
		};
/* End PBXProject section */

/* Begin PBXResourcesBuildPhase section */
		3935D9352485A514007C2122 /* Resources */ = {
			isa = PBXResourcesBuildPhase;
			buildActionMask = 2147483647;
			files = (
				3935D94A2485A516007C2122 /* LaunchScreen.storyboard in Resources */,
				3935D9472485A516007C2122 /* Assets.xcassets in Resources */,
				3935D9422485A514007C2122 /* Main.storyboard in Resources */,
			);
			runOnlyForDeploymentPostprocessing = 0;
		};
/* End PBXResourcesBuildPhase section */

/* Begin PBXSourcesBuildPhase section */
		3935D9332485A514007C2122 /* Sources */ = {
			isa = PBXSourcesBuildPhase;
			buildActionMask = 2147483647;
			files = (
				3935D93F2485A514007C2122 /* ViewController.swift in Sources */,
				3935D9452485A514007C2122 /* SmokeCalculator.xcdatamodeld in Sources */,
				3935D93B2485A514007C2122 /* AppDelegate.swift in Sources */,
				3935D93D2485A514007C2122 /* SceneDelegate.swift in Sources */,
			);
			runOnlyForDeploymentPostprocessing = 0;
		};
/* End PBXSourcesBuildPhase section */

/* Begin PBXVariantGroup section */
		3935D9402485A514007C2122 /* Main.storyboard */ = {
			isa = PBXVariantGroup;
			children = (
				3935D9412485A514007C2122 /* Base */,
			);
			name = Main.storyboard;
			sourceTree = "<group>";
		};
		3935D9482485A516007C2122 /* LaunchScreen.storyboard */ = {
			isa = PBXVariantGroup;
			children = (
				3935D9492485A516007C2122 /* Base */,
			);
			name = LaunchScreen.storyboard;
			sourceTree = "<group>";
		};
/* End PBXVariantGroup section */

/* Begin XCBuildConfiguration section */
		3935D94C2485A516007C2122 /* Debug */ = {
			isa = XCBuildConfiguration;
			buildSettings = {
				ALWAYS_SEARCH_USER_PATHS = NO;
				CLANG_ANALYZER_NONNULL = YES;
				CLANG_ANALYZER_NUMBER_OBJECT_CONVERSION = YES_AGGRESSIVE;
				CLANG_CXX_LANGUAGE_STANDARD = "gnu++14";
				CLANG_CXX_LIBRARY = "libc++";
				CLANG_ENABLE_MODULES = YES;
				CLANG_ENABLE_OBJC_ARC = YES;
				CLANG_ENABLE_OBJC_WEAK = YES;
				CLANG_WARN_BLOCK_CAPTURE_AUTORELEASING = YES;
				CLANG_WARN_BOOL_CONVERSION = YES;
				CLANG_WARN_COMMA = YES;
				CLANG_WARN_CONSTANT_CONVERSION = YES;
				CLANG_WARN_DEPRECATED_OBJC_IMPLEMENTATIONS = YES;
				CLANG_WARN_DIRECT_OBJC_ISA_USAGE = YES_ERROR;
				CLANG_WARN_DOCUMENTATION_COMMENTS = YES;
				CLANG_WARN_EMPTY_BODY = YES;
				CLANG_WARN_ENUM_CONVERSION = YES;
				CLANG_WARN_INFINITE_RECURSION = YES;
				CLANG_WARN_INT_CONVERSION = YES;
				CLANG_WARN_NON_LITERAL_NULL_CONVERSION = YES;
				CLANG_WARN_OBJC_IMPLICIT_RETAIN_SELF = YES;
				CLANG_WARN_OBJC_LITERAL_CONVERSION = YES;
				CLANG_WARN_OBJC_ROOT_CLASS = YES_ERROR;
				CLANG_WARN_RANGE_LOOP_ANALYSIS = YES;
				CLANG_WARN_STRICT_PROTOTYPES = YES;
				CLANG_WARN_SUSPICIOUS_MOVE = YES;
				CLANG_WARN_UNGUARDED_AVAILABILITY = YES_AGGRESSIVE;
				CLANG_WARN_UNREACHABLE_CODE = YES;
				CLANG_WARN__DUPLICATE_METHOD_MATCH = YES;
				COPY_PHASE_STRIP = NO;
				DEBUG_INFORMATION_FORMAT = dwarf;
				ENABLE_STRICT_OBJC_MSGSEND = YES;
				ENABLE_TESTABILITY = YES;
				GCC_C_LANGUAGE_STANDARD = gnu11;
				GCC_DYNAMIC_NO_PIC = NO;
				GCC_NO_COMMON_BLOCKS = YES;
				GCC_OPTIMIZATION_LEVEL = 0;
				GCC_PREPROCESSOR_DEFINITIONS = (
					"DEBUG=1",
					"$(inherited)",
				);
				GCC_WARN_64_TO_32_BIT_CONVERSION = YES;
				GCC_WARN_ABOUT_RETURN_TYPE = YES_ERROR;
				GCC_WARN_UNDECLARED_SELECTOR = YES;
				GCC_WARN_UNINITIALIZED_AUTOS = YES_AGGRESSIVE;
				GCC_WARN_UNUSED_FUNCTION = YES;
				GCC_WARN_UNUSED_VARIABLE = YES;
				IPHONEOS_DEPLOYMENT_TARGET = 13.5;
				MTL_ENABLE_DEBUG_INFO = INCLUDE_SOURCE;
				MTL_FAST_MATH = YES;
				ONLY_ACTIVE_ARCH = YES;
				SDKROOT = iphoneos;
				SWIFT_ACTIVE_COMPILATION_CONDITIONS = DEBUG;
				SWIFT_OPTIMIZATION_LEVEL = "-Onone";
			};
			name = Debug;
		};
		3935D94D2485A516007C2122 /* Release */ = {
			isa = XCBuildConfiguration;
			buildSettings = {
				ALWAYS_SEARCH_USER_PATHS = NO;
				CLANG_ANALYZER_NONNULL = YES;
				CLANG_ANALYZER_NUMBER_OBJECT_CONVERSION = YES_AGGRESSIVE;
				CLANG_CXX_LANGUAGE_STANDARD = "gnu++14";
				CLANG_CXX_LIBRARY = "libc++";
				CLANG_ENABLE_MODULES = YES;
				CLANG_ENABLE_OBJC_ARC = YES;
				CLANG_ENABLE_OBJC_WEAK = YES;
				CLANG_WARN_BLOCK_CAPTURE_AUTORELEASING = YES;
				CLANG_WARN_BOOL_CONVERSION = YES;
				CLANG_WARN_COMMA = YES;
				CLANG_WARN_CONSTANT_CONVERSION = YES;
				CLANG_WARN_DEPRECATED_OBJC_IMPLEMENTATIONS = YES;
				CLANG_WARN_DIRECT_OBJC_ISA_USAGE = YES_ERROR;
				CLANG_WARN_DOCUMENTATION_COMMENTS = YES;
				CLANG_WARN_EMPTY_BODY = YES;
				CLANG_WARN_ENUM_CONVERSION = YES;
				CLANG_WARN_INFINITE_RECURSION = YES;
				CLANG_WARN_INT_CONVERSION = YES;
				CLANG_WARN_NON_LITERAL_NULL_CONVERSION = YES;
				CLANG_WARN_OBJC_IMPLICIT_RETAIN_SELF = YES;
				CLANG_WARN_OBJC_LITERAL_CONVERSION = YES;
				CLANG_WARN_OBJC_ROOT_CLASS = YES_ERROR;
				CLANG_WARN_RANGE_LOOP_ANALYSIS = YES;
				CLANG_WARN_STRICT_PROTOTYPES = YES;
				CLANG_WARN_SUSPICIOUS_MOVE = YES;
				CLANG_WARN_UNGUARDED_AVAILABILITY = YES_AGGRESSIVE;
				CLANG_WARN_UNREACHABLE_CODE = YES;
				CLANG_WARN__DUPLICATE_METHOD_MATCH = YES;
				COPY_PHASE_STRIP = NO;
				DEBUG_INFORMATION_FORMAT = "dwarf-with-dsym";
				ENABLE_NS_ASSERTIONS = NO;
				ENABLE_STRICT_OBJC_MSGSEND = YES;
				GCC_C_LANGUAGE_STANDARD = gnu11;
				GCC_NO_COMMON_BLOCKS = YES;
				GCC_WARN_64_TO_32_BIT_CONVERSION = YES;
				GCC_WARN_ABOUT_RETURN_TYPE = YES_ERROR;
				GCC_WARN_UNDECLARED_SELECTOR = YES;
				GCC_WARN_UNINITIALIZED_AUTOS = YES_AGGRESSIVE;
				GCC_WARN_UNUSED_FUNCTION = YES;
				GCC_WARN_UNUSED_VARIABLE = YES;
				IPHONEOS_DEPLOYMENT_TARGET = 13.5;
				MTL_ENABLE_DEBUG_INFO = NO;
				MTL_FAST_MATH = YES;
				SDKROOT = iphoneos;
				SWIFT_COMPILATION_MODE = wholemodule;
				SWIFT_OPTIMIZATION_LEVEL = "-O";
				VALIDATE_PRODUCT = YES;
			};
			name = Release;
		};
		3935D94F2485A516007C2122 /* Debug */ = {
			isa = XCBuildConfiguration;
			buildSettings = {
				ASSETCATALOG_COMPILER_APPICON_NAME = AppIcon;
				CODE_SIGN_STYLE = Automatic;
				DEVELOPMENT_TEAM = 854862PJZB;
				INFOPLIST_FILE = SmokeCalculator/Info.plist;
				LD_RUNPATH_SEARCH_PATHS = (
					"$(inherited)",
					"@executable_path/Frameworks",
				);
				PRODUCT_BUNDLE_IDENTIFIER = com.cengizbaygin.SmokeCalculator;
				PRODUCT_NAME = "$(TARGET_NAME)";
				SWIFT_VERSION = 5.0;
				TARGETED_DEVICE_FAMILY = "1,2";
			};
			name = Debug;
		};
		3935D9502485A516007C2122 /* Release */ = {
			isa = XCBuildConfiguration;
			buildSettings = {
				ASSETCATALOG_COMPILER_APPICON_NAME = AppIcon;
				CODE_SIGN_STYLE = Automatic;
				DEVELOPMENT_TEAM = 854862PJZB;
				INFOPLIST_FILE = SmokeCalculator/Info.plist;
				LD_RUNPATH_SEARCH_PATHS = (
					"$(inherited)",
					"@executable_path/Frameworks",
				);
				PRODUCT_BUNDLE_IDENTIFIER = com.cengizbaygin.SmokeCalculator;
				PRODUCT_NAME = "$(TARGET_NAME)";
				SWIFT_VERSION = 5.0;
				TARGETED_DEVICE_FAMILY = "1,2";
			};
			name = Release;
		};
/* End XCBuildConfiguration section */

/* Begin XCConfigurationList section */
		3935D9322485A514007C2122 /* Build configuration list for PBXProject "SmokeCalculator" */ = {
			isa = XCConfigurationList;
			buildConfigurations = (
				3935D94C2485A516007C2122 /* Debug */,
				3935D94D2485A516007C2122 /* Release */,
			);
			defaultConfigurationIsVisible = 0;
			defaultConfigurationName = Release;
		};
		3935D94E2485A516007C2122 /* Build configuration list for PBXNativeTarget "SmokeCalculator" */ = {
			isa = XCConfigurationList;
			buildConfigurations = (
				3935D94F2485A516007C2122 /* Debug */,
				3935D9502485A516007C2122 /* Release */,
			);
			defaultConfigurationIsVisible = 0;
			defaultConfigurationName = Release;
		};
/* End XCConfigurationList section */

/* Begin XCVersionGroup section */
		3935D9432485A514007C2122 /* SmokeCalculator.xcdatamodeld */ = {
			isa = XCVersionGroup;
			children = (
				3935D9442485A514007C2122 /* SmokeCalculator.xcdatamodel */,
			);
			currentVersion = 3935D9442485A514007C2122 /* SmokeCalculator.xcdatamodel */;
			path = SmokeCalculator.xcdatamodeld;
			sourceTree = "<group>";
			versionGroupType = wrapper.xcdatamodel;
		};
/* End XCVersionGroup section */
	};
	rootObject = 3935D92F2485A514007C2122 /* Project object */;
}
